
Microsoft Visual Studio Solution File, Format Version 12.00
# Visual Studio 15
VisualStudioVersion = 15.0.26430.6
MinimumVisualStudioVersion = 10.0.40219.1
Project("{2150E333-8FDC-42A3-9474-1A3956D46DE8}") = "1 - Presentation", "1 - Presentation", "{5433AED7-0EE1-444A-97FF-D9A3756DD3AA}"
EndProject
Project("{2150E333-8FDC-42A3-9474-1A3956D46DE8}") = "2 - Services", "2 - Services", "{79C7844D-FA83-4AC7-9C10-55FA88525AF8}"
EndProject
Project("{2150E333-8FDC-42A3-9474-1A3956D46DE8}") = "3 - Application", "3 - Application", "{C5B050D2-BA58-4065-AC5E-A118EF8C2B32}"
EndProject
Project("{2150E333-8FDC-42A3-9474-1A3956D46DE8}") = "4 - Domain", "4 - Domain", "{55F10A25-635A-4F6F-B23A-173B078EAEAE}"
EndProject
Project("{2150E333-8FDC-42A3-9474-1A3956D46DE8}") = "5 - Infra", "5 - Infra", "{934C0D37-642E-456F-8B2E-5CC1FB319BC1}"
EndProject
Project("{2150E333-8FDC-42A3-9474-1A3956D46DE8}") = "5.1 - Data", "5.1 - Data", "{FEFB3CB0-5F2C-4344-8099-471738572D29}"
EndProject
Project("{2150E333-8FDC-42A3-9474-1A3956D46DE8}") = "5.2 - CrossCutting", "5.2 - CrossCutting", "{8D0FE99C-E7CB-4F1C-8D83-55C6D188A9F3}"
EndProject
Project("{FAE04EC0-301F-11D3-BF4B-00C04F79EFBC}") = "3X.UI.Mvc", "src\3X.UI.Mvc\3X.UI.Mvc.csproj", "{B5C6F2EB-8FB1-450C-9489-0280C86D97D4}"
EndProject
Project("{FAE04EC0-301F-11D3-BF4B-00C04F79EFBC}") = "3X.Domain", "src\3X.Domain\3X.Domain.csproj", "{622528AF-6221-48E0-82BE-4224A0DDB632}"
EndProject
Project("{FAE04EC0-301F-11D3-BF4B-00C04F79EFBC}") = "3X.Infra.Data", "src\3X.Infra.Data\3X.Infra.Data.csproj", "{5F831AEC-69EC-4D6F-8808-AA3CD2C71141}"
EndProject
Project("{FAE04EC0-301F-11D3-BF4B-00C04F79EFBC}") = "3X.Application", "src\3X.Application\3X.Application.csproj", "{B93B8C46-0793-42F7-9595-2A2FE7AE74C7}"
EndProject
Project("{FAE04EC0-301F-11D3-BF4B-00C04F79EFBC}") = "3X.Infra.CrossCutting.MvcFilters", "src\3X.Infra.CrossCutting.MvcFilters\3X.Infra.CrossCutting.MvcFilters.csproj", "{026168E3-FCC3-4911-B6CF-8ACAFF0EEC59}"
EndProject
Project("{FAE04EC0-301F-11D3-BF4B-00C04F79EFBC}") = "3X.Domain.Tests", "tests\3X.Domain.Tests\3X.Domain.Tests.csproj", "{E159FAB2-5943-404C-898C-AACFB684784D}"
EndProject
Project("{FAE04EC0-301F-11D3-BF4B-00C04F79EFBC}") = "3X.Services.REST.ClienteAPI", "src\3X.Services.REST.ClienteAPI\3X.Services.REST.ClienteAPI.csproj", "{ADAD8F18-0104-4930-8661-5B4AF4F79A00}"
EndProject
Project("{FAE04EC0-301F-11D3-BF4B-00C04F79EFBC}") = "3X.Infra.CrossCutting.IoC", "src\3X.Infra.CrossCutting.IoC\3X.Infra.CrossCutting.IoC.csproj", "{882737A9-B60B-447A-B23B-F89C6174D61F}"
EndProject
Project("{FAE04EC0-301F-11D3-BF4B-00C04F79EFBC}") = "3X.Infra.CrossCutting.Logging", "src\3X.Infra.CrossCutting.Logging\3X.Infra.CrossCutting.Logging.csproj", "{7A90BCA8-CEFC-4902-91C9-B08124D0C6CE}"
EndProject
Project("{262852C6-CD72-467D-83FE-5EEB1973A190}") = "3X.UI.Mobile", "src\3X.Cordova\3X.UI.Mobile.jsproj", "{A03A0C05-92E0-4362-89EB-8767E6B6DEF4}"
EndProject
Global
	GlobalSection(SolutionConfigurationPlatforms) = preSolution
		Debug|Android = Debug|Android
		Debug|Any CPU = Debug|Any CPU
		Debug|iOS = Debug|iOS
		Debug|Windows-ARM = Debug|Windows-ARM
		Debug|Windows-x64 = Debug|Windows-x64
		Debug|Windows-x86 = Debug|Windows-x86
		Release|Android = Release|Android
		Release|Any CPU = Release|Any CPU
		Release|iOS = Release|iOS
		Release|Windows-ARM = Release|Windows-ARM
		Release|Windows-x64 = Release|Windows-x64
		Release|Windows-x86 = Release|Windows-x86
	EndGlobalSection
	GlobalSection(ProjectConfigurationPlatforms) = postSolution
		{B5C6F2EB-8FB1-450C-9489-0280C86D97D4}.Debug|Android.ActiveCfg = Debug|Any CPU
		{B5C6F2EB-8FB1-450C-9489-0280C86D97D4}.Debug|Android.Build.0 = Debug|Any CPU
		{B5C6F2EB-8FB1-450C-9489-0280C86D97D4}.Debug|Any CPU.ActiveCfg = Debug|Any CPU
		{B5C6F2EB-8FB1-450C-9489-0280C86D97D4}.Debug|Any CPU.Build.0 = Debug|Any CPU
		{B5C6F2EB-8FB1-450C-9489-0280C86D97D4}.Debug|iOS.ActiveCfg = Debug|Any CPU
		{B5C6F2EB-8FB1-450C-9489-0280C86D97D4}.Debug|iOS.Build.0 = Debug|Any CPU
		{B5C6F2EB-8FB1-450C-9489-0280C86D97D4}.Debug|Windows-ARM.ActiveCfg = Debug|Any CPU
		{B5C6F2EB-8FB1-450C-9489-0280C86D97D4}.Debug|Windows-ARM.Build.0 = Debug|Any CPU
		{B5C6F2EB-8FB1-450C-9489-0280C86D97D4}.Debug|Windows-x64.ActiveCfg = Debug|Any CPU
		{B5C6F2EB-8FB1-450C-9489-0280C86D97D4}.Debug|Windows-x64.Build.0 = Debug|Any CPU
		{B5C6F2EB-8FB1-450C-9489-0280C86D97D4}.Debug|Windows-x86.ActiveCfg = Debug|Any CPU
		{B5C6F2EB-8FB1-450C-9489-0280C86D97D4}.Debug|Windows-x86.Build.0 = Debug|Any CPU
		{B5C6F2EB-8FB1-450C-9489-0280C86D97D4}.Release|Android.ActiveCfg = Release|Any CPU
		{B5C6F2EB-8FB1-450C-9489-0280C86D97D4}.Release|Android.Build.0 = Release|Any CPU
		{B5C6F2EB-8FB1-450C-9489-0280C86D97D4}.Release|Any CPU.ActiveCfg = Release|Any CPU
		{B5C6F2EB-8FB1-450C-9489-0280C86D97D4}.Release|Any CPU.Build.0 = Release|Any CPU
		{B5C6F2EB-8FB1-450C-9489-0280C86D97D4}.Release|iOS.ActiveCfg = Release|Any CPU
		{B5C6F2EB-8FB1-450C-9489-0280C86D97D4}.Release|iOS.Build.0 = Release|Any CPU
		{B5C6F2EB-8FB1-450C-9489-0280C86D97D4}.Release|Windows-ARM.ActiveCfg = Release|Any CPU
		{B5C6F2EB-8FB1-450C-9489-0280C86D97D4}.Release|Windows-ARM.Build.0 = Release|Any CPU
		{B5C6F2EB-8FB1-450C-9489-0280C86D97D4}.Release|Windows-x64.ActiveCfg = Release|Any CPU
		{B5C6F2EB-8FB1-450C-9489-0280C86D97D4}.Release|Windows-x64.Build.0 = Release|Any CPU
		{B5C6F2EB-8FB1-450C-9489-0280C86D97D4}.Release|Windows-x86.ActiveCfg = Release|Any CPU
		{B5C6F2EB-8FB1-450C-9489-0280C86D97D4}.Release|Windows-x86.Build.0 = Release|Any CPU
		{622528AF-6221-48E0-82BE-4224A0DDB632}.Debug|Android.ActiveCfg = Debug|Any CPU
		{622528AF-6221-48E0-82BE-4224A0DDB632}.Debug|Android.Build.0 = Debug|Any CPU
		{622528AF-6221-48E0-82BE-4224A0DDB632}.Debug|Any CPU.ActiveCfg = Debug|Any CPU
		{622528AF-6221-48E0-82BE-4224A0DDB632}.Debug|Any CPU.Build.0 = Debug|Any CPU
		{622528AF-6221-48E0-82BE-4224A0DDB632}.Debug|iOS.ActiveCfg = Debug|Any CPU
		{622528AF-6221-48E0-82BE-4224A0DDB632}.Debug|iOS.Build.0 = Debug|Any CPU
		{622528AF-6221-48E0-82BE-4224A0DDB632}.Debug|Windows-ARM.ActiveCfg = Debug|Any CPU
		{622528AF-6221-48E0-82BE-4224A0DDB632}.Debug|Windows-ARM.Build.0 = Debug|Any CPU
		{622528AF-6221-48E0-82BE-4224A0DDB632}.Debug|Windows-x64.ActiveCfg = Debug|Any CPU
		{622528AF-6221-48E0-82BE-4224A0DDB632}.Debug|Windows-x64.Build.0 = Debug|Any CPU
		{622528AF-6221-48E0-82BE-4224A0DDB632}.Debug|Windows-x86.ActiveCfg = Debug|Any CPU
		{622528AF-6221-48E0-82BE-4224A0DDB632}.Debug|Windows-x86.Build.0 = Debug|Any CPU
		{622528AF-6221-48E0-82BE-4224A0DDB632}.Release|Android.ActiveCfg = Release|Any CPU
		{622528AF-6221-48E0-82BE-4224A0DDB632}.Release|Android.Build.0 = Release|Any CPU
		{622528AF-6221-48E0-82BE-4224A0DDB632}.Release|Any CPU.ActiveCfg = Release|Any CPU
		{622528AF-6221-48E0-82BE-4224A0DDB632}.Release|Any CPU.Build.0 = Release|Any CPU
		{622528AF-6221-48E0-82BE-4224A0DDB632}.Release|iOS.ActiveCfg = Release|Any CPU
		{622528AF-6221-48E0-82BE-4224A0DDB632}.Release|iOS.Build.0 = Release|Any CPU
		{622528AF-6221-48E0-82BE-4224A0DDB632}.Release|Windows-ARM.ActiveCfg = Release|Any CPU
		{622528AF-6221-48E0-82BE-4224A0DDB632}.Release|Windows-ARM.Build.0 = Release|Any CPU
		{622528AF-6221-48E0-82BE-4224A0DDB632}.Release|Windows-x64.ActiveCfg = Release|Any CPU
		{622528AF-6221-48E0-82BE-4224A0DDB632}.Release|Windows-x64.Build.0 = Release|Any CPU
		{622528AF-6221-48E0-82BE-4224A0DDB632}.Release|Windows-x86.ActiveCfg = Release|Any CPU
		{622528AF-6221-48E0-82BE-4224A0DDB632}.Release|Windows-x86.Build.0 = Release|Any CPU
		{5F831AEC-69EC-4D6F-8808-AA3CD2C71141}.Debug|Android.ActiveCfg = Debug|Any CPU
		{5F831AEC-69EC-4D6F-8808-AA3CD2C71141}.Debug|Android.Build.0 = Debug|Any CPU
		{5F831AEC-69EC-4D6F-8808-AA3CD2C71141}.Debug|Any CPU.ActiveCfg = Debug|Any CPU
		{5F831AEC-69EC-4D6F-8808-AA3CD2C71141}.Debug|Any CPU.Build.0 = Debug|Any CPU
		{5F831AEC-69EC-4D6F-8808-AA3CD2C71141}.Debug|iOS.ActiveCfg = Debug|Any CPU
		{5F831AEC-69EC-4D6F-8808-AA3CD2C71141}.Debug|iOS.Build.0 = Debug|Any CPU
		{5F831AEC-69EC-4D6F-8808-AA3CD2C71141}.Debug|Windows-ARM.ActiveCfg = Debug|Any CPU
		{5F831AEC-69EC-4D6F-8808-AA3CD2C71141}.Debug|Windows-ARM.Build.0 = Debug|Any CPU
		{5F831AEC-69EC-4D6F-8808-AA3CD2C71141}.Debug|Windows-x64.ActiveCfg = Debug|Any CPU
		{5F831AEC-69EC-4D6F-8808-AA3CD2C71141}.Debug|Windows-x64.Build.0 = Debug|Any CPU
		{5F831AEC-69EC-4D6F-8808-AA3CD2C71141}.Debug|Windows-x86.ActiveCfg = Debug|Any CPU
		{5F831AEC-69EC-4D6F-8808-AA3CD2C71141}.Debug|Windows-x86.Build.0 = Debug|Any CPU
		{5F831AEC-69EC-4D6F-8808-AA3CD2C71141}.Release|Android.ActiveCfg = Release|Any CPU
		{5F831AEC-69EC-4D6F-8808-AA3CD2C71141}.Release|Android.Build.0 = Release|Any CPU
		{5F831AEC-69EC-4D6F-8808-AA3CD2C71141}.Release|Any CPU.ActiveCfg = Release|Any CPU
		{5F831AEC-69EC-4D6F-8808-AA3CD2C71141}.Release|Any CPU.Build.0 = Release|Any CPU
		{5F831AEC-69EC-4D6F-8808-AA3CD2C71141}.Release|iOS.ActiveCfg = Release|Any CPU
		{5F831AEC-69EC-4D6F-8808-AA3CD2C71141}.Release|iOS.Build.0 = Release|Any CPU
		{5F831AEC-69EC-4D6F-8808-AA3CD2C71141}.Release|Windows-ARM.ActiveCfg = Release|Any CPU
		{5F831AEC-69EC-4D6F-8808-AA3CD2C71141}.Release|Windows-ARM.Build.0 = Release|Any CPU
		{5F831AEC-69EC-4D6F-8808-AA3CD2C71141}.Release|Windows-x64.ActiveCfg = Release|Any CPU
		{5F831AEC-69EC-4D6F-8808-AA3CD2C71141}.Release|Windows-x64.Build.0 = Release|Any CPU
		{5F831AEC-69EC-4D6F-8808-AA3CD2C71141}.Release|Windows-x86.ActiveCfg = Release|Any CPU
		{5F831AEC-69EC-4D6F-8808-AA3CD2C71141}.Release|Windows-x86.Build.0 = Release|Any CPU
		{B93B8C46-0793-42F7-9595-2A2FE7AE74C7}.Debug|Android.ActiveCfg = Debug|Any CPU
		{B93B8C46-0793-42F7-9595-2A2FE7AE74C7}.Debug|Android.Build.0 = Debug|Any CPU
		{B93B8C46-0793-42F7-9595-2A2FE7AE74C7}.Debug|Any CPU.ActiveCfg = Debug|Any CPU
		{B93B8C46-0793-42F7-9595-2A2FE7AE74C7}.Debug|Any CPU.Build.0 = Debug|Any CPU
		{B93B8C46-0793-42F7-9595-2A2FE7AE74C7}.Debug|iOS.ActiveCfg = Debug|Any CPU
		{B93B8C46-0793-42F7-9595-2A2FE7AE74C7}.Debug|iOS.Build.0 = Debug|Any CPU
		{B93B8C46-0793-42F7-9595-2A2FE7AE74C7}.Debug|Windows-ARM.ActiveCfg = Debug|Any CPU
		{B93B8C46-0793-42F7-9595-2A2FE7AE74C7}.Debug|Windows-ARM.Build.0 = Debug|Any CPU
		{B93B8C46-0793-42F7-9595-2A2FE7AE74C7}.Debug|Windows-x64.ActiveCfg = Debug|Any CPU
		{B93B8C46-0793-42F7-9595-2A2FE7AE74C7}.Debug|Windows-x64.Build.0 = Debug|Any CPU
		{B93B8C46-0793-42F7-9595-2A2FE7AE74C7}.Debug|Windows-x86.ActiveCfg = Debug|Any CPU
		{B93B8C46-0793-42F7-9595-2A2FE7AE74C7}.Debug|Windows-x86.Build.0 = Debug|Any CPU
		{B93B8C46-0793-42F7-9595-2A2FE7AE74C7}.Release|Android.ActiveCfg = Release|Any CPU
		{B93B8C46-0793-42F7-9595-2A2FE7AE74C7}.Release|Android.Build.0 = Release|Any CPU
		{B93B8C46-0793-42F7-9595-2A2FE7AE74C7}.Release|Any CPU.ActiveCfg = Release|Any CPU
		{B93B8C46-0793-42F7-9595-2A2FE7AE74C7}.Release|Any CPU.Build.0 = Release|Any CPU
		{B93B8C46-0793-42F7-9595-2A2FE7AE74C7}.Release|iOS.ActiveCfg = Release|Any CPU
		{B93B8C46-0793-42F7-9595-2A2FE7AE74C7}.Release|iOS.Build.0 = Release|Any CPU
		{B93B8C46-0793-42F7-9595-2A2FE7AE74C7}.Release|Windows-ARM.ActiveCfg = Release|Any CPU
		{B93B8C46-0793-42F7-9595-2A2FE7AE74C7}.Release|Windows-ARM.Build.0 = Release|Any CPU
		{B93B8C46-0793-42F7-9595-2A2FE7AE74C7}.Release|Windows-x64.ActiveCfg = Release|Any CPU
		{B93B8C46-0793-42F7-9595-2A2FE7AE74C7}.Release|Windows-x64.Build.0 = Release|Any CPU
		{B93B8C46-0793-42F7-9595-2A2FE7AE74C7}.Release|Windows-x86.ActiveCfg = Release|Any CPU
		{B93B8C46-0793-42F7-9595-2A2FE7AE74C7}.Release|Windows-x86.Build.0 = Release|Any CPU
		{026168E3-FCC3-4911-B6CF-8ACAFF0EEC59}.Debug|Android.ActiveCfg = Debug|Any CPU
		{026168E3-FCC3-4911-B6CF-8ACAFF0EEC59}.Debug|Android.Build.0 = Debug|Any CPU
		{026168E3-FCC3-4911-B6CF-8ACAFF0EEC59}.Debug|Any CPU.ActiveCfg = Debug|Any CPU
		{026168E3-FCC3-4911-B6CF-8ACAFF0EEC59}.Debug|Any CPU.Build.0 = Debug|Any CPU
		{026168E3-FCC3-4911-B6CF-8ACAFF0EEC59}.Debug|iOS.ActiveCfg = Debug|Any CPU
		{026168E3-FCC3-4911-B6CF-8ACAFF0EEC59}.Debug|iOS.Build.0 = Debug|Any CPU
		{026168E3-FCC3-4911-B6CF-8ACAFF0EEC59}.Debug|Windows-ARM.ActiveCfg = Debug|Any CPU
		{026168E3-FCC3-4911-B6CF-8ACAFF0EEC59}.Debug|Windows-ARM.Build.0 = Debug|Any CPU
		{026168E3-FCC3-4911-B6CF-8ACAFF0EEC59}.Debug|Windows-x64.ActiveCfg = Debug|Any CPU
		{026168E3-FCC3-4911-B6CF-8ACAFF0EEC59}.Debug|Windows-x64.Build.0 = Debug|Any CPU
		{026168E3-FCC3-4911-B6CF-8ACAFF0EEC59}.Debug|Windows-x86.ActiveCfg = Debug|Any CPU
		{026168E3-FCC3-4911-B6CF-8ACAFF0EEC59}.Debug|Windows-x86.Build.0 = Debug|Any CPU
		{026168E3-FCC3-4911-B6CF-8ACAFF0EEC59}.Release|Android.ActiveCfg = Release|Any CPU
		{026168E3-FCC3-4911-B6CF-8ACAFF0EEC59}.Release|Android.Build.0 = Release|Any CPU
		{026168E3-FCC3-4911-B6CF-8ACAFF0EEC59}.Release|Any CPU.ActiveCfg = Release|Any CPU
		{026168E3-FCC3-4911-B6CF-8ACAFF0EEC59}.Release|Any CPU.Build.0 = Release|Any CPU
		{026168E3-FCC3-4911-B6CF-8ACAFF0EEC59}.Release|iOS.ActiveCfg = Release|Any CPU
		{026168E3-FCC3-4911-B6CF-8ACAFF0EEC59}.Release|iOS.Build.0 = Release|Any CPU
		{026168E3-FCC3-4911-B6CF-8ACAFF0EEC59}.Release|Windows-ARM.ActiveCfg = Release|Any CPU
		{026168E3-FCC3-4911-B6CF-8ACAFF0EEC59}.Release|Windows-ARM.Build.0 = Release|Any CPU
		{026168E3-FCC3-4911-B6CF-8ACAFF0EEC59}.Release|Windows-x64.ActiveCfg = Release|Any CPU
		{026168E3-FCC3-4911-B6CF-8ACAFF0EEC59}.Release|Windows-x64.Build.0 = Release|Any CPU
		{026168E3-FCC3-4911-B6CF-8ACAFF0EEC59}.Release|Windows-x86.ActiveCfg = Release|Any CPU
		{026168E3-FCC3-4911-B6CF-8ACAFF0EEC59}.Release|Windows-x86.Build.0 = Release|Any CPU
		{E159FAB2-5943-404C-898C-AACFB684784D}.Debug|Android.ActiveCfg = Debug|Any CPU
		{E159FAB2-5943-404C-898C-AACFB684784D}.Debug|Android.Build.0 = Debug|Any CPU
		{E159FAB2-5943-404C-898C-AACFB684784D}.Debug|Any CPU.ActiveCfg = Debug|Any CPU
		{E159FAB2-5943-404C-898C-AACFB684784D}.Debug|Any CPU.Build.0 = Debug|Any CPU
		{E159FAB2-5943-404C-898C-AACFB684784D}.Debug|iOS.ActiveCfg = Debug|Any CPU
		{E159FAB2-5943-404C-898C-AACFB684784D}.Debug|iOS.Build.0 = Debug|Any CPU
		{E159FAB2-5943-404C-898C-AACFB684784D}.Debug|Windows-ARM.ActiveCfg = Debug|Any CPU
		{E159FAB2-5943-404C-898C-AACFB684784D}.Debug|Windows-ARM.Build.0 = Debug|Any CPU
		{E159FAB2-5943-404C-898C-AACFB684784D}.Debug|Windows-x64.ActiveCfg = Debug|Any CPU
		{E159FAB2-5943-404C-898C-AACFB684784D}.Debug|Windows-x64.Build.0 = Debug|Any CPU
		{E159FAB2-5943-404C-898C-AACFB684784D}.Debug|Windows-x86.ActiveCfg = Debug|Any CPU
		{E159FAB2-5943-404C-898C-AACFB684784D}.Debug|Windows-x86.Build.0 = Debug|Any CPU
		{E159FAB2-5943-404C-898C-AACFB684784D}.Release|Android.ActiveCfg = Release|Any CPU
		{E159FAB2-5943-404C-898C-AACFB684784D}.Release|Android.Build.0 = Release|Any CPU
		{E159FAB2-5943-404C-898C-AACFB684784D}.Release|Any CPU.ActiveCfg = Release|Any CPU
		{E159FAB2-5943-404C-898C-AACFB684784D}.Release|Any CPU.Build.0 = Release|Any CPU
		{E159FAB2-5943-404C-898C-AACFB684784D}.Release|iOS.ActiveCfg = Release|Any CPU
		{E159FAB2-5943-404C-898C-AACFB684784D}.Release|iOS.Build.0 = Release|Any CPU
		{E159FAB2-5943-404C-898C-AACFB684784D}.Release|Windows-ARM.ActiveCfg = Release|Any CPU
		{E159FAB2-5943-404C-898C-AACFB684784D}.Release|Windows-ARM.Build.0 = Release|Any CPU
		{E159FAB2-5943-404C-898C-AACFB684784D}.Release|Windows-x64.ActiveCfg = Release|Any CPU
		{E159FAB2-5943-404C-898C-AACFB684784D}.Release|Windows-x64.Build.0 = Release|Any CPU
		{E159FAB2-5943-404C-898C-AACFB684784D}.Release|Windows-x86.ActiveCfg = Release|Any CPU
		{E159FAB2-5943-404C-898C-AACFB684784D}.Release|Windows-x86.Build.0 = Release|Any CPU
		{ADAD8F18-0104-4930-8661-5B4AF4F79A00}.Debug|Android.ActiveCfg = Debug|Any CPU
		{ADAD8F18-0104-4930-8661-5B4AF4F79A00}.Debug|Android.Build.0 = Debug|Any CPU
		{ADAD8F18-0104-4930-8661-5B4AF4F79A00}.Debug|Any CPU.ActiveCfg = Debug|Any CPU
		{ADAD8F18-0104-4930-8661-5B4AF4F79A00}.Debug|Any CPU.Build.0 = Debug|Any CPU
		{ADAD8F18-0104-4930-8661-5B4AF4F79A00}.Debug|iOS.ActiveCfg = Debug|Any CPU
		{ADAD8F18-0104-4930-8661-5B4AF4F79A00}.Debug|iOS.Build.0 = Debug|Any CPU
		{ADAD8F18-0104-4930-8661-5B4AF4F79A00}.Debug|Windows-ARM.ActiveCfg = Debug|Any CPU
		{ADAD8F18-0104-4930-8661-5B4AF4F79A00}.Debug|Windows-ARM.Build.0 = Debug|Any CPU
		{ADAD8F18-0104-4930-8661-5B4AF4F79A00}.Debug|Windows-x64.ActiveCfg = Debug|Any CPU
		{ADAD8F18-0104-4930-8661-5B4AF4F79A00}.Debug|Windows-x64.Build.0 = Debug|Any CPU
		{ADAD8F18-0104-4930-8661-5B4AF4F79A00}.Debug|Windows-x86.ActiveCfg = Debug|Any CPU
		{ADAD8F18-0104-4930-8661-5B4AF4F79A00}.Debug|Windows-x86.Build.0 = Debug|Any CPU
		{ADAD8F18-0104-4930-8661-5B4AF4F79A00}.Release|Android.ActiveCfg = Release|Any CPU
		{ADAD8F18-0104-4930-8661-5B4AF4F79A00}.Release|Android.Build.0 = Release|Any CPU
		{ADAD8F18-0104-4930-8661-5B4AF4F79A00}.Release|Any CPU.ActiveCfg = Release|Any CPU
		{ADAD8F18-0104-4930-8661-5B4AF4F79A00}.Release|Any CPU.Build.0 = Release|Any CPU
		{ADAD8F18-0104-4930-8661-5B4AF4F79A00}.Release|iOS.ActiveCfg = Release|Any CPU
		{ADAD8F18-0104-4930-8661-5B4AF4F79A00}.Release|iOS.Build.0 = Release|Any CPU
		{ADAD8F18-0104-4930-8661-5B4AF4F79A00}.Release|Windows-ARM.ActiveCfg = Release|Any CPU
		{ADAD8F18-0104-4930-8661-5B4AF4F79A00}.Release|Windows-ARM.Build.0 = Release|Any CPU
		{ADAD8F18-0104-4930-8661-5B4AF4F79A00}.Release|Windows-x64.ActiveCfg = Release|Any CPU
		{ADAD8F18-0104-4930-8661-5B4AF4F79A00}.Release|Windows-x64.Build.0 = Release|Any CPU
		{ADAD8F18-0104-4930-8661-5B4AF4F79A00}.Release|Windows-x86.ActiveCfg = Release|Any CPU
		{ADAD8F18-0104-4930-8661-5B4AF4F79A00}.Release|Windows-x86.Build.0 = Release|Any CPU
		{882737A9-B60B-447A-B23B-F89C6174D61F}.Debug|Android.ActiveCfg = Debug|Any CPU
		{882737A9-B60B-447A-B23B-F89C6174D61F}.Debug|Android.Build.0 = Debug|Any CPU
		{882737A9-B60B-447A-B23B-F89C6174D61F}.Debug|Any CPU.ActiveCfg = Debug|Any CPU
		{882737A9-B60B-447A-B23B-F89C6174D61F}.Debug|Any CPU.Build.0 = Debug|Any CPU
		{882737A9-B60B-447A-B23B-F89C6174D61F}.Debug|iOS.ActiveCfg = Debug|Any CPU
		{882737A9-B60B-447A-B23B-F89C6174D61F}.Debug|iOS.Build.0 = Debug|Any CPU
		{882737A9-B60B-447A-B23B-F89C6174D61F}.Debug|Windows-ARM.ActiveCfg = Debug|Any CPU
		{882737A9-B60B-447A-B23B-F89C6174D61F}.Debug|Windows-ARM.Build.0 = Debug|Any CPU
		{882737A9-B60B-447A-B23B-F89C6174D61F}.Debug|Windows-x64.ActiveCfg = Debug|Any CPU
		{882737A9-B60B-447A-B23B-F89C6174D61F}.Debug|Windows-x64.Build.0 = Debug|Any CPU
		{882737A9-B60B-447A-B23B-F89C6174D61F}.Debug|Windows-x86.ActiveCfg = Debug|Any CPU
		{882737A9-B60B-447A-B23B-F89C6174D61F}.Debug|Windows-x86.Build.0 = Debug|Any CPU
		{882737A9-B60B-447A-B23B-F89C6174D61F}.Release|Android.ActiveCfg = Release|Any CPU
		{882737A9-B60B-447A-B23B-F89C6174D61F}.Release|Android.Build.0 = Release|Any CPU
		{882737A9-B60B-447A-B23B-F89C6174D61F}.Release|Any CPU.ActiveCfg = Release|Any CPU
		{882737A9-B60B-447A-B23B-F89C6174D61F}.Release|Any CPU.Build.0 = Release|Any CPU
		{882737A9-B60B-447A-B23B-F89C6174D61F}.Release|iOS.ActiveCfg = Release|Any CPU
		{882737A9-B60B-447A-B23B-F89C6174D61F}.Release|iOS.Build.0 = Release|Any CPU
		{882737A9-B60B-447A-B23B-F89C6174D61F}.Release|Windows-ARM.ActiveCfg = Release|Any CPU
		{882737A9-B60B-447A-B23B-F89C6174D61F}.Release|Windows-ARM.Build.0 = Release|Any CPU
		{882737A9-B60B-447A-B23B-F89C6174D61F}.Release|Windows-x64.ActiveCfg = Release|Any CPU
		{882737A9-B60B-447A-B23B-F89C6174D61F}.Release|Windows-x64.Build.0 = Release|Any CPU
		{882737A9-B60B-447A-B23B-F89C6174D61F}.Release|Windows-x86.ActiveCfg = Release|Any CPU
		{882737A9-B60B-447A-B23B-F89C6174D61F}.Release|Windows-x86.Build.0 = Release|Any CPU
		{7A90BCA8-CEFC-4902-91C9-B08124D0C6CE}.Debug|Android.ActiveCfg = Debug|Any CPU
		{7A90BCA8-CEFC-4902-91C9-B08124D0C6CE}.Debug|Android.Build.0 = Debug|Any CPU
		{7A90BCA8-CEFC-4902-91C9-B08124D0C6CE}.Debug|Any CPU.ActiveCfg = Debug|Any CPU
		{7A90BCA8-CEFC-4902-91C9-B08124D0C6CE}.Debug|Any CPU.Build.0 = Debug|Any CPU
		{7A90BCA8-CEFC-4902-91C9-B08124D0C6CE}.Debug|iOS.ActiveCfg = Debug|Any CPU
		{7A90BCA8-CEFC-4902-91C9-B08124D0C6CE}.Debug|iOS.Build.0 = Debug|Any CPU
		{7A90BCA8-CEFC-4902-91C9-B08124D0C6CE}.Debug|Windows-ARM.ActiveCfg = Debug|Any CPU
		{7A90BCA8-CEFC-4902-91C9-B08124D0C6CE}.Debug|Windows-ARM.Build.0 = Debug|Any CPU
		{7A90BCA8-CEFC-4902-91C9-B08124D0C6CE}.Debug|Windows-x64.ActiveCfg = Debug|Any CPU
		{7A90BCA8-CEFC-4902-91C9-B08124D0C6CE}.Debug|Windows-x64.Build.0 = Debug|Any CPU
		{7A90BCA8-CEFC-4902-91C9-B08124D0C6CE}.Debug|Windows-x86.ActiveCfg = Debug|Any CPU
		{7A90BCA8-CEFC-4902-91C9-B08124D0C6CE}.Debug|Windows-x86.Build.0 = Debug|Any CPU
		{7A90BCA8-CEFC-4902-91C9-B08124D0C6CE}.Release|Android.ActiveCfg = Release|Any CPU
		{7A90BCA8-CEFC-4902-91C9-B08124D0C6CE}.Release|Android.Build.0 = Release|Any CPU
		{7A90BCA8-CEFC-4902-91C9-B08124D0C6CE}.Release|Any CPU.ActiveCfg = Release|Any CPU
		{7A90BCA8-CEFC-4902-91C9-B08124D0C6CE}.Release|Any CPU.Build.0 = Release|Any CPU
		{7A90BCA8-CEFC-4902-91C9-B08124D0C6CE}.Release|iOS.ActiveCfg = Release|Any CPU
		{7A90BCA8-CEFC-4902-91C9-B08124D0C6CE}.Release|iOS.Build.0 = Release|Any CPU
		{7A90BCA8-CEFC-4902-91C9-B08124D0C6CE}.Release|Windows-ARM.ActiveCfg = Release|Any CPU
		{7A90BCA8-CEFC-4902-91C9-B08124D0C6CE}.Release|Windows-ARM.Build.0 = Release|Any CPU
		{7A90BCA8-CEFC-4902-91C9-B08124D0C6CE}.Release|Windows-x64.ActiveCfg = Release|Any CPU
		{7A90BCA8-CEFC-4902-91C9-B08124D0C6CE}.Release|Windows-x64.Build.0 = Release|Any CPU
		{7A90BCA8-CEFC-4902-91C9-B08124D0C6CE}.Release|Windows-x86.ActiveCfg = Release|Any CPU
		{7A90BCA8-CEFC-4902-91C9-B08124D0C6CE}.Release|Windows-x86.Build.0 = Release|Any CPU
		{A03A0C05-92E0-4362-89EB-8767E6B6DEF4}.Debug|Android.ActiveCfg = Debug|Android
		{A03A0C05-92E0-4362-89EB-8767E6B6DEF4}.Debug|Android.Build.0 = Debug|Android
		{A03A0C05-92E0-4362-89EB-8767E6B6DEF4}.Debug|Android.Deploy.0 = Debug|Android
		{A03A0C05-92E0-4362-89EB-8767E6B6DEF4}.Debug|Any CPU.ActiveCfg = Debug|Android
		{A03A0C05-92E0-4362-89EB-8767E6B6DEF4}.Debug|iOS.ActiveCfg = Debug|iOS
		{A03A0C05-92E0-4362-89EB-8767E6B6DEF4}.Debug|iOS.Build.0 = Debug|iOS
		{A03A0C05-92E0-4362-89EB-8767E6B6DEF4}.Debug|iOS.Deploy.0 = Debug|iOS
		{A03A0C05-92E0-4362-89EB-8767E6B6DEF4}.Debug|Windows-ARM.ActiveCfg = Debug|Windows-ARM
		{A03A0C05-92E0-4362-89EB-8767E6B6DEF4}.Debug|Windows-ARM.Build.0 = Debug|Windows-ARM
		{A03A0C05-92E0-4362-89EB-8767E6B6DEF4}.Debug|Windows-ARM.Deploy.0 = Debug|Windows-ARM
		{A03A0C05-92E0-4362-89EB-8767E6B6DEF4}.Debug|Windows-x64.ActiveCfg = Debug|Windows-x64
		{A03A0C05-92E0-4362-89EB-8767E6B6DEF4}.Debug|Windows-x64.Build.0 = Debug|Windows-x64
		{A03A0C05-92E0-4362-89EB-8767E6B6DEF4}.Debug|Windows-x64.Deploy.0 = Debug|Windows-x64
		{A03A0C05-92E0-4362-89EB-8767E6B6DEF4}.Debug|Windows-x86.ActiveCfg = Debug|Windows-x86
		{A03A0C05-92E0-4362-89EB-8767E6B6DEF4}.Debug|Windows-x86.Build.0 = Debug|Windows-x86
		{A03A0C05-92E0-4362-89EB-8767E6B6DEF4}.Debug|Windows-x86.Deploy.0 = Debug|Windows-x86
		{A03A0C05-92E0-4362-89EB-8767E6B6DEF4}.Release|Android.ActiveCfg = Release|Android
		{A03A0C05-92E0-4362-89EB-8767E6B6DEF4}.Release|Android.Build.0 = Release|Android
		{A03A0C05-92E0-4362-89EB-8767E6B6DEF4}.Release|Android.Deploy.0 = Release|Android
		{A03A0C05-92E0-4362-89EB-8767E6B6DEF4}.Release|Any CPU.ActiveCfg = Release|Android
		{A03A0C05-92E0-4362-89EB-8767E6B6DEF4}.Release|iOS.ActiveCfg = Release|iOS
		{A03A0C05-92E0-4362-89EB-8767E6B6DEF4}.Release|iOS.Build.0 = Release|iOS
		{A03A0C05-92E0-4362-89EB-8767E6B6DEF4}.Release|iOS.Deploy.0 = Release|iOS
		{A03A0C05-92E0-4362-89EB-8767E6B6DEF4}.Release|Windows-ARM.ActiveCfg = Release|Windows-ARM
		{A03A0C05-92E0-4362-89EB-8767E6B6DEF4}.Release|Windows-ARM.Build.0 = Release|Windows-ARM
		{A03A0C05-92E0-4362-89EB-8767E6B6DEF4}.Release|Windows-ARM.Deploy.0 = Release|Windows-ARM
		{A03A0C05-92E0-4362-89EB-8767E6B6DEF4}.Release|Windows-x64.ActiveCfg = Release|Windows-x64
		{A03A0C05-92E0-4362-89EB-8767E6B6DEF4}.Release|Windows-x64.Build.0 = Release|Windows-x64
		{A03A0C05-92E0-4362-89EB-8767E6B6DEF4}.Release|Windows-x64.Deploy.0 = Release|Windows-x64
		{A03A0C05-92E0-4362-89EB-8767E6B6DEF4}.Release|Windows-x86.ActiveCfg = Release|Windows-x86
		{A03A0C05-92E0-4362-89EB-8767E6B6DEF4}.Release|Windows-x86.Build.0 = Release|Windows-x86
		{A03A0C05-92E0-4362-89EB-8767E6B6DEF4}.Release|Windows-x86.Deploy.0 = Release|Windows-x86
	EndGlobalSection
	GlobalSection(SolutionProperties) = preSolution
		HideSolutionNode = FALSE
	EndGlobalSection
	GlobalSection(NestedProjects) = preSolution
		{FEFB3CB0-5F2C-4344-8099-471738572D29} = {934C0D37-642E-456F-8B2E-5CC1FB319BC1}
		{8D0FE99C-E7CB-4F1C-8D83-55C6D188A9F3} = {934C0D37-642E-456F-8B2E-5CC1FB319BC1}
		{B5C6F2EB-8FB1-450C-9489-0280C86D97D4} = {5433AED7-0EE1-444A-97FF-D9A3756DD3AA}
		{622528AF-6221-48E0-82BE-4224A0DDB632} = {55F10A25-635A-4F6F-B23A-173B078EAEAE}
		{5F831AEC-69EC-4D6F-8808-AA3CD2C71141} = {FEFB3CB0-5F2C-4344-8099-471738572D29}
		{B93B8C46-0793-42F7-9595-2A2FE7AE74C7} = {C5B050D2-BA58-4065-AC5E-A118EF8C2B32}
		{026168E3-FCC3-4911-B6CF-8ACAFF0EEC59} = {8D0FE99C-E7CB-4F1C-8D83-55C6D188A9F3}
		{E159FAB2-5943-404C-898C-AACFB684784D} = {55F10A25-635A-4F6F-B23A-173B078EAEAE}
		{ADAD8F18-0104-4930-8661-5B4AF4F79A00} = {79C7844D-FA83-4AC7-9C10-55FA88525AF8}
		{882737A9-B60B-447A-B23B-F89C6174D61F} = {8D0FE99C-E7CB-4F1C-8D83-55C6D188A9F3}
		{7A90BCA8-CEFC-4902-91C9-B08124D0C6CE} = {8D0FE99C-E7CB-4F1C-8D83-55C6D188A9F3}
		{A03A0C05-92E0-4362-89EB-8767E6B6DEF4} = {5433AED7-0EE1-444A-97FF-D9A3756DD3AA}
	EndGlobalSection
EndGlobal
